
Microsoft Visual Studio Solution File, Format Version 12.00
# Visual Studio Version 17
VisualStudioVersion = 17.12.35707.178
MinimumVisualStudioVersion = 10.0.40219.1
Project("{FAE04EC0-301F-11D3-BF4B-00C04F79EFBC}") = "AnimeDB", "AnimeDB\AnimeDB.csproj", "{76932D7B-E05B-4840-BC9A-896F02923068}"
EndProject
Project("{2150E333-8FDC-42A3-9474-1A3956D46DE8}") = "Solution Items", "Solution Items", "{5C7B7BC1-254B-4661-AF45-55FDD89A19BC}"
	ProjectSection(SolutionItems) = preProject
		README.md = README.md
	EndProjectSection
EndProject
Global
	GlobalSection(SolutionConfigurationPlatforms) = preSolution
		Debug|Any CPU = Debug|Any CPU
		Release|Any CPU = Release|Any CPU
	EndGlobalSection
	GlobalSection(ProjectConfigurationPlatforms) = postSolution
		{76932D7B-E05B-4840-BC9A-896F02923068}.Debug|Any CPU.ActiveCfg = Debug|Any CPU
		{76932D7B-E05B-4840-BC9A-896F02923068}.Debug|Any CPU.Build.0 = Debug|Any CPU
		{76932D7B-E05B-4840-BC9A-896F02923068}.Release|Any CPU.ActiveCfg = Release|Any CPU
		{76932D7B-E05B-4840-BC9A-896F02923068}.Release|Any CPU.Build.0 = Release|Any CPU
	EndGlobalSection
	GlobalSection(SolutionProperties) = preSolution
		HideSolutionNode = FALSE
	EndGlobalSection
EndGlobal
